# THIS IS AN AUTOGENERATED FILE. DO NOT EDIT THIS FILE DIRECTLY.
# yarn lockfile v1


balanced-match@^0.4.1:
  version "0.4.2"
  resolved "https://registry.yarnpkg.com/balanced-match/-/balanced-match-0.4.2.tgz#cb3f3e3c732dc0f01ee70b403f302e61d7709838"

brace-expansion@^1.0.0:
  version "1.1.7"
  resolved "https://registry.yarnpkg.com/brace-expansion/-/brace-expansion-1.1.7.tgz#3effc3c50e000531fb720eaff80f0ae8ef23cf59"
  dependencies:
    balanced-match "^0.4.1"
    concat-map "0.0.1"

buffer-crc32@~0.2.3:
  version "0.2.13"
  resolved "https://registry.yarnpkg.com/buffer-crc32/-/buffer-crc32-0.2.13.tgz#0d333e3f00eac50aa1454abd30ef8c2a5d9a7242"

commander@^2.8.1:
  version "2.9.0"
  resolved "https://registry.yarnpkg.com/commander/-/commander-2.9.0.tgz#9c99094176e12240cb22d6c5146098400fe0f7d4"
  dependencies:
    graceful-readlink ">= 1.0.0"

concat-map@0.0.1:
  version "0.0.1"
  resolved "https://registry.yarnpkg.com/concat-map/-/concat-map-0.0.1.tgz#d8a96bd77fd68df7793a73036a3ba0d5405d477b"

denodeify@^1.2.1:
  version "1.2.1"
  resolved "https://registry.yarnpkg.com/denodeify/-/denodeify-1.2.1.tgz#3a36287f5034e699e7577901052c2e6c94251631"

fd-slicer@~1.0.1:
  version "1.0.1"
  resolved "https://registry.yarnpkg.com/fd-slicer/-/fd-slicer-1.0.1.tgz#8b5bcbd9ec327c5041bf9ab023fd6750f1177e65"
  dependencies:
    pend "~1.2.0"

fs.realpath@^1.0.0:
  version "1.0.0"
  resolved "https://registry.yarnpkg.com/fs.realpath/-/fs.realpath-1.0.0.tgz#1504ad2523158caa40db4a2787cb01411994ea4f"

glob@^7.0.6:
  version "7.1.1"
  resolved "https://registry.yarnpkg.com/glob/-/glob-7.1.1.tgz#805211df04faaf1c63a3600306cdf5ade50b2ec8"
  dependencies:
    fs.realpath "^1.0.0"
    inflight "^1.0.4"
    inherits "2"
    minimatch "^3.0.2"
    once "^1.3.0"
    path-is-absolute "^1.0.0"

"graceful-readlink@>= 1.0.0":
  version "1.0.1"
  resolved "https://registry.yarnpkg.com/graceful-readlink/-/graceful-readlink-1.0.1.tgz#4cafad76bc62f02fa039b2f94e9a3dd3a391a725"

inflight@^1.0.4:
  version "1.0.6"
  resolved "https://registry.yarnpkg.com/inflight/-/inflight-1.0.6.tgz#49bd6331d7d02d0c09bc910a1075ba8165b56df9"
  dependencies:
    once "^1.3.0"
    wrappy "1"

inherits@2:
  version "2.0.3"
  resolved "https://registry.yarnpkg.com/inherits/-/inherits-2.0.3.tgz#633c2c83e3da42a502f52466022480f4208261de"

lodash@^4.15.0:
  version "4.17.4"
  resolved "https://registry.yarnpkg.com/lodash/-/lodash-4.17.4.tgz#78203a4d1c328ae1d86dca6460e369b57f4055ae"

mime@^1.3.4:
  version "1.3.4"
  resolved "https://registry.yarnpkg.com/mime/-/mime-1.3.4.tgz#115f9e3b6b3daf2959983cb38f149a2d40eb5d53"

minimatch@^3.0.2, minimatch@^3.0.3:
  version "3.0.3"
  resolved "https://registry.yarnpkg.com/minimatch/-/minimatch-3.0.3.tgz#2a4e4090b96b2db06a9d7df01055a62a77c9b774"
  dependencies:
    brace-expansion "^1.0.0"

mute-stream@~0.0.4:
  version "0.0.7"
  resolved "https://registry.yarnpkg.com/mute-stream/-/mute-stream-0.0.7.tgz#3075ce93bc21b8fab43e1bc4da7e8115ed1e7bab"

once@^1.3.0:
  version "1.4.0"
  resolved "https://registry.yarnpkg.com/once/-/once-1.4.0.tgz#583b1aa775961d4b113ac17d9c50baef9dd76bd1"
  dependencies:
    wrappy "1"

os-homedir@^1.0.0:
  version "1.0.2"
  resolved "https://registry.yarnpkg.com/os-homedir/-/os-homedir-1.0.2.tgz#ffbc4988336e0e833de0c168c7ef152121aa7fb3"

os-tmpdir@^1.0.0, os-tmpdir@~1.0.1:
  version "1.0.2"
  resolved "https://registry.yarnpkg.com/os-tmpdir/-/os-tmpdir-1.0.2.tgz#bbe67406c79aa85c5cfec766fe5734555dfa1274"

osenv@^0.1.3:
  version "0.1.4"
  resolved "https://registry.yarnpkg.com/osenv/-/osenv-0.1.4.tgz#42fe6d5953df06c8064be6f176c3d05aaaa34644"
  dependencies:
    os-homedir "^1.0.0"
    os-tmpdir "^1.0.0"

path-is-absolute@^1.0.0:
  version "1.0.1"
  resolved "https://registry.yarnpkg.com/path-is-absolute/-/path-is-absolute-1.0.1.tgz#174b9268735534ffbc7ace6bf53a5a9e1b5c5f5f"

pend@~1.2.0:
  version "1.2.0"
  resolved "https://registry.yarnpkg.com/pend/-/pend-1.2.0.tgz#7a57eb550a6783f9115331fcf4663d5c8e007a50"

q@^1.0.1:
  version "1.5.0"
  resolved "https://registry.yarnpkg.com/q/-/q-1.5.0.tgz#dd01bac9d06d30e6f219aecb8253ee9ebdc308f1"

read@^1.0.7:
  version "1.0.7"
  resolved "https://registry.yarnpkg.com/read/-/read-1.0.7.tgz#b3da19bd052431a97671d44a42634adf710b40c4"
  dependencies:
    mute-stream "~0.0.4"

semver@^5.1.0:
  version "5.3.0"
  resolved "https://registry.yarnpkg.com/semver/-/semver-5.3.0.tgz#9b2ce5d3de02d17c6012ad326aa6b4d0cf54f94f"

tmp@0.0.29:
  version "0.0.29"
  resolved "https://registry.yarnpkg.com/tmp/-/tmp-0.0.29.tgz#f25125ff0dd9da3ccb0c2dd371ee1288bb9128c0"
  dependencies:
    os-tmpdir "~1.0.1"

tunnel@0.0.4:
  version "0.0.4"
  resolved "https://registry.yarnpkg.com/tunnel/-/tunnel-0.0.4.tgz#2d3785a158c174c9a16dc2c046ec5fc5f1742213"

typed-rest-client@^0.9.0:
  version "0.9.0"
  resolved "https://registry.yarnpkg.com/typed-rest-client/-/typed-rest-client-0.9.0.tgz#f768cc0dc3f4e950f06e04825c36b3e7834aa1f2"
  dependencies:
    tunnel "0.0.4"
    underscore "1.8.3"

underscore@1.8.3, underscore@^1.8.3:
  version "1.8.3"
  resolved "https://registry.yarnpkg.com/underscore/-/underscore-1.8.3.tgz#4f3fb53b106e6097fcf9cb4109f2a5e9bdfa5022"

url-join@^1.1.0:
  version "1.1.0"
  resolved "https://registry.yarnpkg.com/url-join/-/url-join-1.1.0.tgz#741c6c2f4596c4830d6718460920d0c92202dc78"

vsce@*:
  version "1.20.0"
  resolved "https://registry.yarnpkg.com/vsce/-/vsce-1.20.0.tgz#038c0f0934145c6efafdd980abc5f429e077d8dc"
  dependencies:
    commander "^2.8.1"
    denodeify "^1.2.1"
    glob "^7.0.6"
    lodash "^4.15.0"
    mime "^1.3.4"
    minimatch "^3.0.3"
    osenv "^0.1.3"
    read "^1.0.7"
    semver "^5.1.0"
    tmp "0.0.29"
    url-join "^1.1.0"
    vso-node-api "^6.1.2-preview"
    yauzl "^2.3.1"
    yazl "^2.2.2"

vso-node-api@^6.1.2-preview:
  version "6.1.2-preview"
  resolved "https://registry.yarnpkg.com/vso-node-api/-/vso-node-api-6.1.2-preview.tgz#aab3546df2451ecd894e071bb99b5df19c5fa78f"
  dependencies:
    q "^1.0.1"
    tunnel "0.0.4"
    typed-rest-client "^0.9.0"
    underscore "^1.8.3"

wrappy@1:
  version "1.0.2"
  resolved "https://registry.yarnpkg.com/wrappy/-/wrappy-1.0.2.tgz#b5243d8f3ec1aa35f1364605bc0d1036e30ab69f"

yauzl@^2.3.1:
  version "2.7.0"
  resolved "https://registry.yarnpkg.com/yauzl/-/yauzl-2.7.0.tgz#e21d847868b496fc29eaec23ee87fdd33e9b2bce"
  dependencies:
    buffer-crc32 "~0.2.3"
    fd-slicer "~1.0.1"

yazl@^2.2.2:
  version "2.4.2"
  resolved "https://registry.yarnpkg.com/yazl/-/yazl-2.4.2.tgz#14cb19083e1e25a70092c1588aabe0f4e4dd4d88"
  dependencies:
    buffer-crc32 "~0.2.3"
